
Microsoft Visual Studio Solution File, Format Version 12.00
# Visual Studio 15
VisualStudioVersion = 15.0.27004.2010
MinimumVisualStudioVersion = 10.0.40219.1
Project("{FAE04EC0-301F-11D3-BF4B-00C04F79EFBC}") = "ProjectDB", "ProjectDB\ProjectDB.csproj", "{4105F477-63C5-4A96-AA6C-9FAD0DAD78C1}"
EndProject
Project("{FAE04EC0-301F-11D3-BF4B-00C04F79EFBC}") = "BO", "BO\BO.csproj", "{68971275-8C79-4044-AC55-2D363782A83B}"
EndProject
Project("{FAE04EC0-301F-11D3-BF4B-00C04F79EFBC}") = "BLL", "BLL\BLL.csproj", "{77ABFB79-B024-48E2-9690-26527112CBE1}"
EndProject
Project("{FAE04EC0-301F-11D3-BF4B-00C04F79EFBC}") = "DAL", "DAL\DAL.csproj", "{793262FD-C194-45AF-A565-6D133924E58B}"
EndProject
Global
	GlobalSection(SolutionConfigurationPlatforms) = preSolution
		Debug|Any CPU = Debug|Any CPU
		Release|Any CPU = Release|Any CPU
	EndGlobalSection
	GlobalSection(ProjectConfigurationPlatforms) = postSolution
		{4105F477-63C5-4A96-AA6C-9FAD0DAD78C1}.Debug|Any CPU.ActiveCfg = Debug|Any CPU
		{4105F477-63C5-4A96-AA6C-9FAD0DAD78C1}.Debug|Any CPU.Build.0 = Debug|Any CPU
		{4105F477-63C5-4A96-AA6C-9FAD0DAD78C1}.Release|Any CPU.ActiveCfg = Release|Any CPU
		{4105F477-63C5-4A96-AA6C-9FAD0DAD78C1}.Release|Any CPU.Build.0 = Release|Any CPU
		{68971275-8C79-4044-AC55-2D363782A83B}.Debug|Any CPU.ActiveCfg = Debug|Any CPU
		{68971275-8C79-4044-AC55-2D363782A83B}.Debug|Any CPU.Build.0 = Debug|Any CPU
		{68971275-8C79-4044-AC55-2D363782A83B}.Release|Any CPU.ActiveCfg = Release|Any CPU
		{68971275-8C79-4044-AC55-2D363782A83B}.Release|Any CPU.Build.0 = Release|Any CPU
		{77ABFB79-B024-48E2-9690-26527112CBE1}.Debug|Any CPU.ActiveCfg = Debug|Any CPU
		{77ABFB79-B024-48E2-9690-26527112CBE1}.Debug|Any CPU.Build.0 = Debug|Any CPU
		{77ABFB79-B024-48E2-9690-26527112CBE1}.Release|Any CPU.ActiveCfg = Release|Any CPU
		{77ABFB79-B024-48E2-9690-26527112CBE1}.Release|Any CPU.Build.0 = Release|Any CPU
		{793262FD-C194-45AF-A565-6D133924E58B}.Debug|Any CPU.ActiveCfg = Debug|Any CPU
		{793262FD-C194-45AF-A565-6D133924E58B}.Debug|Any CPU.Build.0 = Debug|Any CPU
		{793262FD-C194-45AF-A565-6D133924E58B}.Release|Any CPU.ActiveCfg = Release|Any CPU
		{793262FD-C194-45AF-A565-6D133924E58B}.Release|Any CPU.Build.0 = Release|Any CPU
	EndGlobalSection
	GlobalSection(SolutionProperties) = preSolution
		HideSolutionNode = FALSE
	EndGlobalSection
	GlobalSection(ExtensibilityGlobals) = postSolution
		SolutionGuid = {425815D1-1152-40A3-887A-32514D30AA67}
	EndGlobalSection
EndGlobal
